
Microsoft Visual Studio Solution File, Format Version 12.00
# Visual Studio Version 17
VisualStudioVersion = 17.6.33815.320
MinimumVisualStudioVersion = 10.0.40219.1
Project("{FAE04EC0-301F-11D3-BF4B-00C04F79EFBC}") = "Ejercicio 1", "Ejercicio 1.csproj", "{CABF3D02-6510-4707-B678-690041F1B8DA}"
EndProject
Global
	GlobalSection(SolutionConfigurationPlatforms) = preSolution
		Debug|Any CPU = Debug|Any CPU
		Release|Any CPU = Release|Any CPU
	EndGlobalSection
	GlobalSection(ProjectConfigurationPlatforms) = postSolution
		{CABF3D02-6510-4707-B678-690041F1B8DA}.Debug|Any CPU.ActiveCfg = Debug|Any CPU
		{CABF3D02-6510-4707-B678-690041F1B8DA}.Debug|Any CPU.Build.0 = Debug|Any CPU
		{CABF3D02-6510-4707-B678-690041F1B8DA}.Release|Any CPU.ActiveCfg = Release|Any CPU
		{CABF3D02-6510-4707-B678-690041F1B8DA}.Release|Any CPU.Build.0 = Release|Any CPU
	EndGlobalSection
	GlobalSection(SolutionProperties) = preSolution
		HideSolutionNode = FALSE
	EndGlobalSection
	GlobalSection(ExtensibilityGlobals) = postSolution
		SolutionGuid = {C1F87E62-3F6E-4FBD-BD46-AAEB217FF7A0}
	EndGlobalSection
EndGlobal
